schema: '2.0'
stages:
  data_ingestion:
    cmd: python src/Waste_Recycling_Classifier/pipeline/stage_01_data_ingestion.py
    deps:
    - path: config/config.yaml
      hash: md5
      md5: 34ccc40563e93de0088ae9d4370411fc
      size: 815
    - path: src/Waste_Recycling_Classifier/pipeline/stage_01_data_ingestion.py
      hash: md5
      md5: 0b8e73df5fb26c0286a90ed1aee154b3
      size: 922
    outs:
    - path: datafacts/data_ingestion/Waste Recycling Classification Dataset
      hash: md5
      md5: ee5c55f8e7d4c84484265c5748105633.dir
      size: 222236397
      nfiles: 25077
  prepare_base_model:
    cmd: python src/Waste_Recycling_Classifier/pipeline/stage_02_prepare_base_model.py
    deps:
    - path: config/config.yaml
      hash: md5
      md5: 34ccc40563e93de0088ae9d4370411fc
      size: 815
    - path: src/Waste_Recycling_Classifier/pipeline/stage_02_prepare_base_model.py
      hash: md5
      md5: 2f8d18cd3f4cb5b2168b43972405c8e7
      size: 1084
    params:
      params.yaml:
        CLASSES: 2
        IMAGE_SIZE:
        - 128
        - 128
        - 3
        INCLUDE_TOP: false
        LEARNING_RATE: 0.01
        WEIGHTS: imagenet
    outs:
    - path: datafacts/prepare_base_model
      hash: md5
      md5: 71c673fb872edcd5fb9e4711926d9c67.dir
      size: 24270776
      nfiles: 2
  training:
    cmd: python src/Waste_Recycling_Classifier/pipeline/stage_03_training.py
    deps:
    - path: config/config.yaml
      hash: md5
      md5: 34ccc40563e93de0088ae9d4370411fc
      size: 815
    - path: datafacts/data_ingestion/Waste Recycling Classification Dataset
      hash: md5
      md5: ee5c55f8e7d4c84484265c5748105633.dir
      size: 222236397
      nfiles: 25077
    - path: datafacts/prepare_base_model
      hash: md5
      md5: 71c673fb872edcd5fb9e4711926d9c67.dir
      size: 24270776
      nfiles: 2
    - path: src/Waste_Recycling_Classifier/components/prepare_call_backs.py
      hash: md5
      md5: 4e29f361d3040e94b7486aca8d416e79
      size: 989
    - path: src/Waste_Recycling_Classifier/pipeline/stage_03_training.py
      hash: md5
      md5: 3c62d667e14f33851e20e6169ec1f995
      size: 1232
    params:
      params.yaml:
        AUGMENTATION: true
        BATCH_SIZE: 32
        EPOCHS: 10
        IMAGE_SIZE:
        - 128
        - 128
        - 3
    outs:
    - path: datafacts/training/model.h5
      hash: md5
      md5: 7e89c1a86db866e85f5470930f7d2a84
      size: 25282088
  evaluation:
    cmd: python src/Waste_Recycling_Classifier/pipeline/stage_04_evaluation.py
    deps:
    - path: config/config.yaml
      hash: md5
      md5: 34ccc40563e93de0088ae9d4370411fc
      size: 815
    - path: datafacts/data_ingestion/Waste Recycling Classification Dataset
      hash: md5
      md5: ee5c55f8e7d4c84484265c5748105633.dir
      size: 222236397
      nfiles: 25077
    - path: datafacts/training/model.h5
      hash: md5
      md5: 7e89c1a86db866e85f5470930f7d2a84
      size: 25282088
    - path: src/Waste_Recycling_Classifier/pipeline/stage_04_evaluation.py
      hash: md5
      md5: 39ff0e027a0f531c214560f61ad660b6
      size: 834
    params:
      params.yaml:
        BATCH_SIZE: 32
        IMAGE_SIZE:
        - 128
        - 128
        - 3
    outs:
    - path: scores.json
      hash: md5
      md5: 8917605a3fb148a5bcd530b58cd37de6
      size: 74
